
Microsoft Visual Studio Solution File, Format Version 12.00
# Visual Studio Version 16
VisualStudioVersion = 25.0.1705.0
MinimumVisualStudioVersion = 10.0.40219.1
Project("{FAE04EC0-301F-11D3-BF4B-00C04F79EFBC}") = "ConfigView", "ConfigView.csproj", "{70E5A0C5-8ED4-4B90-AAC5-A5253A119832}"
EndProject
Project("{FAE04EC0-301F-11D3-BF4B-00C04F79EFBC}") = "ConfigView.Tests", "..\tests\ConfigView.Tests.csproj", "{51B89755-05B6-4F26-8E76-88D3E35AEC03}"
EndProject
Global
	GlobalSection(SolutionConfigurationPlatforms) = preSolution
		Debug|Any CPU = Debug|Any CPU
		Release|Any CPU = Release|Any CPU
	EndGlobalSection
	GlobalSection(ProjectConfigurationPlatforms) = postSolution
		{70E5A0C5-8ED4-4B90-AAC5-A5253A119832}.Debug|Any CPU.ActiveCfg = Debug|Any CPU
		{70E5A0C5-8ED4-4B90-AAC5-A5253A119832}.Debug|Any CPU.Build.0 = Debug|Any CPU
		{70E5A0C5-8ED4-4B90-AAC5-A5253A119832}.Release|Any CPU.ActiveCfg = Release|Any CPU
		{70E5A0C5-8ED4-4B90-AAC5-A5253A119832}.Release|Any CPU.Build.0 = Release|Any CPU
		{51B89755-05B6-4F26-8E76-88D3E35AEC03}.Debug|Any CPU.ActiveCfg = Debug|Any CPU
		{51B89755-05B6-4F26-8E76-88D3E35AEC03}.Debug|Any CPU.Build.0 = Debug|Any CPU
		{51B89755-05B6-4F26-8E76-88D3E35AEC03}.Release|Any CPU.ActiveCfg = Release|Any CPU
		{51B89755-05B6-4F26-8E76-88D3E35AEC03}.Release|Any CPU.Build.0 = Release|Any CPU
	EndGlobalSection
	GlobalSection(SolutionProperties) = preSolution
		HideSolutionNode = FALSE
	EndGlobalSection
	GlobalSection(ExtensibilityGlobals) = postSolution
		SolutionGuid = {FA9A485E-2ADA-4698-A69C-0A9CD03DFC2B}
	EndGlobalSection
EndGlobal
